github.com/Nigel2392/extraconnector v1.0.0 h1:xOUKCn6yvWNUaJ4RhUnCpTiKqroe+B8c3HaOHM3Rp0Y=
github.com/Nigel2392/extraconnector v1.0.0/go.mod h1:36SVENl24A8Gev+xj+cmXMkAXKJfzdU9nQmp4TXLiNI=
github.com/TwiN/go-color v1.1.0 h1:yhLAHgjp2iAxmNjDiVb6Z073NE65yoaPlcki1Q22yyQ=
github.com/TwiN/go-color v1.1.0/go.mod h1:aKVf4e1mD4ai2FtPifkDPP5iyoCwiK08YGzGwerjKo0=
